Microsoft Visual Studio Solution File, Format Version 12.00
# Visual Studio Version 17
VisualStudioVersion = 17.0.31903.59
MinimumVisualStudioVersion = 10.0.40219.1
Project("{888888A0-9F3D-457C-B088-3A5042F75D52}") = "General_Parasoft_Report", "General_Parasoft_Report.pyproj", "{247B1CE3-736A-4748-9B22-8B77A61E1DCE}"
EndProject
Global
	GlobalSection(SolutionConfigurationPlatforms) = preSolution
		Debug|Any CPU = Debug|Any CPU
		Release|Any CPU = Release|Any CPU
	EndGlobalSection
	GlobalSection(ProjectConfigurationPlatforms) = postSolution
		{247B1CE3-736A-4748-9B22-8B77A61E1DCE}.Debug|Any CPU.ActiveCfg = Debug|Any CPU
		{247B1CE3-736A-4748-9B22-8B77A61E1DCE}.Debug|Any CPU.Build.0 = Debug|Any CPU
		{247B1CE3-736A-4748-9B22-8B77A61E1DCE}.Release|Any CPU.ActiveCfg = Release|Any CPU
		{247B1CE3-736A-4748-9B22-8B77A61E1DCE}.Release|Any CPU.Build.0 = Release|Any CPU
	EndGlobalSection
	GlobalSection(SolutionProperties) = preSolution
		HideSolutionNode = FALSE
	EndGlobalSection
	GlobalSection(ExtensibilityGlobals) = postSolution
		SolutionGuid = {12345678-1234-5678-9ABC-123456789ABC}
	EndGlobalSection
EndGlobal
